// !$*UTF8*$!
{
	archiveVersion = 1;
	classes = {
	};
	objectVersion = 56;
	objects = {

/* Begin PBXBuildFile section */
		A96B6215290950AC00BB8AC5 /* JananPagesApp.swift in Sources */ = {isa = PBXBuildFile; fileRef = A96B6214290950AC00BB8AC5 /* JananPagesApp.swift */; };
		A96B6217290950AC00BB8AC5 /* SigninView.swift in Sources */ = {isa = PBXBuildFile; fileRef = A96B6216290950AC00BB8AC5 /* SigninView.swift */; };
		A96B6219290950AD00BB8AC5 /* Assets.xcassets in Resources */ = {isa = PBXBuildFile; fileRef = A96B6218290950AD00BB8AC5 /* Assets.xcassets */; };
		A96B621C290950AD00BB8AC5 /* Preview Assets.xcassets in Resources */ = {isa = PBXBuildFile; fileRef = A96B621B290950AD00BB8AC5 /* Preview Assets.xcassets */; };
		A96B6226290950AD00BB8AC5 /* JananPagesTests.swift in Sources */ = {isa = PBXBuildFile; fileRef = A96B6225290950AD00BB8AC5 /* JananPagesTests.swift */; };
		A96B6230290950AD00BB8AC5 /* JananPagesUITests.swift in Sources */ = {isa = PBXBuildFile; fileRef = A96B622F290950AD00BB8AC5 /* JananPagesUITests.swift */; };
		A96B6232290950AD00BB8AC5 /* JananPagesUITestsLaunchTests.swift in Sources */ = {isa = PBXBuildFile; fileRef = A96B6231290950AD00BB8AC5 /* JananPagesUITestsLaunchTests.swift */; };
		A96B627529095BE300BB8AC5 /* SignUpViewController.swift in Sources */ = {isa = PBXBuildFile; fileRef = A96B627429095BE300BB8AC5 /* SignUpViewController.swift */; };
		A96B627729095C2C00BB8AC5 /* SignInViewController.swift in Sources */ = {isa = PBXBuildFile; fileRef = A96B627629095C2C00BB8AC5 /* SignInViewController.swift */; };
		A96B62B0290EA6CF00BB8AC5 /* SignupView.swift in Sources */ = {isa = PBXBuildFile; fileRef = A96B62AF290EA6CF00BB8AC5 /* SignupView.swift */; };
		A96B62B2290FE9C100BB8AC5 /* ForgorPasswordView.swift in Sources */ = {isa = PBXBuildFile; fileRef = A96B62B1290FE9C100BB8AC5 /* ForgorPasswordView.swift */; };
		A96B62B4290FFDE200BB8AC5 /* SplashScreenUIView.swift in Sources */ = {isa = PBXBuildFile; fileRef = A96B62B3290FFDE200BB8AC5 /* SplashScreenUIView.swift */; };
		A96B62FC29179D6200BB8AC5 /* HomePage.swift in Sources */ = {isa = PBXBuildFile; fileRef = A96B62FB29179D6200BB8AC5 /* HomePage.swift */; };
		A96B62FE29179D6A00BB8AC5 /* ProfileView.swift in Sources */ = {isa = PBXBuildFile; fileRef = A96B62FD29179D6A00BB8AC5 /* ProfileView.swift */; };
		A96B630029179D6E00BB8AC5 /* SettingView.swift in Sources */ = {isa = PBXBuildFile; fileRef = A96B62FF29179D6E00BB8AC5 /* SettingView.swift */; };
		A96B630229179E8E00BB8AC5 /* ChatRow.swift in Sources */ = {isa = PBXBuildFile; fileRef = A96B630129179E8E00BB8AC5 /* ChatRow.swift */; };
		A96B630629179E9600BB8AC5 /* ChatsMode.swift in Sources */ = {isa = PBXBuildFile; fileRef = A96B630529179E9600BB8AC5 /* ChatsMode.swift */; };
		A96B630829179EA600BB8AC5 /* ChatView.swift in Sources */ = {isa = PBXBuildFile; fileRef = A96B630729179EA600BB8AC5 /* ChatView.swift */; };
		A96B630A29179EAC00BB8AC5 /* ChatViewMode.swift in Sources */ = {isa = PBXBuildFile; fileRef = A96B630929179EAC00BB8AC5 /* ChatViewMode.swift */; };
		A96B630C29179EB100BB8AC5 /* Date+Helpers.swift in Sources */ = {isa = PBXBuildFile; fileRef = A96B630B29179EB100BB8AC5 /* Date+Helpers.swift */; };
		A96B63302917DF7900BB8AC5 /* Book.swift in Sources */ = {isa = PBXBuildFile; fileRef = A96B632F2917DF7900BB8AC5 /* Book.swift */; };
		A9F415B6292F8D8000BA0163 /* Blog.swift in Sources */ = {isa = PBXBuildFile; fileRef = A9F415B5292F8D8000BA0163 /* Blog.swift */; };
		A9F415B8292F8DBF00BA0163 /* BlogPostCardMain.swift in Sources */ = {isa = PBXBuildFile; fileRef = A9F415B7292F8DBF00BA0163 /* BlogPostCardMain.swift */; };
		A9F415BA292F8DD600BA0163 /* BlogPosts.swift in Sources */ = {isa = PBXBuildFile; fileRef = A9F415B9292F8DD600BA0163 /* BlogPosts.swift */; };
		A9F415BC292F8E1500BA0163 /* hexcolorextensions.swift in Sources */ = {isa = PBXBuildFile; fileRef = A9F415BB292F8E1500BA0163 /* hexcolorextensions.swift */; };
		A9F415BE292F8E3D00BA0163 /* MainView.swift in Sources */ = {isa = PBXBuildFile; fileRef = A9F415BD292F8E3D00BA0163 /* MainView.swift */; };
		A9F415C0292F8E8A00BA0163 /* BlogPostView.swift in Sources */ = {isa = PBXBuildFile; fileRef = A9F415BF292F8E8A00BA0163 /* BlogPostView.swift */; };
/* End PBXBuildFile section */

/* Begin PBXContainerItemProxy section */
		A96B6222290950AD00BB8AC5 /* PBXContainerItemProxy */ = {
			isa = PBXContainerItemProxy;
			containerPortal = A96B6209290950AC00BB8AC5 /* Project object */;
			proxyType = 1;
			remoteGlobalIDString = A96B6210290950AC00BB8AC5;
			remoteInfo = JananPages;
		};
		A96B622C290950AD00BB8AC5 /* PBXContainerItemProxy */ = {
			isa = PBXContainerItemProxy;
			containerPortal = A96B6209290950AC00BB8AC5 /* Project object */;
			proxyType = 1;
			remoteGlobalIDString = A96B6210290950AC00BB8AC5;
			remoteInfo = JananPages;
		};
/* End PBXContainerItemProxy section */

/* Begin PBXFileReference section */
		A96B6211290950AC00BB8AC5 /* JananPages.app */ = {isa = PBXFileReference; explicitFileType = wrapper.application; includeInIndex = 0; path = JananPages.app; sourceTree = BUILT_PRODUCTS_DIR; };
		A96B6214290950AC00BB8AC5 /* JananPagesApp.swift */ = {isa = PBXFileReference; lastKnownFileType = sourcecode.swift; path = JananPagesApp.swift; sourceTree = "<group>"; };
		A96B6216290950AC00BB8AC5 /* SigninView.swift */ = {isa = PBXFileReference; lastKnownFileType = sourcecode.swift; path = SigninView.swift; sourceTree = "<group>"; };
		A96B6218290950AD00BB8AC5 /* Assets.xcassets */ = {isa = PBXFileReference; lastKnownFileType = folder.assetcatalog; path = Assets.xcassets; sourceTree = "<group>"; };
		A96B621B290950AD00BB8AC5 /* Preview Assets.xcassets */ = {isa = PBXFileReference; lastKnownFileType = folder.assetcatalog; path = "Preview Assets.xcassets"; sourceTree = "<group>"; };
		A96B6221290950AD00BB8AC5 /* JananPagesTests.xctest */ = {isa = PBXFileReference; explicitFileType = wrapper.cfbundle; includeInIndex = 0; path = JananPagesTests.xctest; sourceTree = BUILT_PRODUCTS_DIR; };
		A96B6225290950AD00BB8AC5 /* JananPagesTests.swift */ = {isa = PBXFileReference; lastKnownFileType = sourcecode.swift; path = JananPagesTests.swift; sourceTree = "<group>"; };
		A96B622B290950AD00BB8AC5 /* JananPagesUITests.xctest */ = {isa = PBXFileReference; explicitFileType = wrapper.cfbundle; includeInIndex = 0; path = JananPagesUITests.xctest; sourceTree = BUILT_PRODUCTS_DIR; };
		A96B622F290950AD00BB8AC5 /* JananPagesUITests.swift */ = {isa = PBXFileReference; lastKnownFileType = sourcecode.swift; path = JananPagesUITests.swift; sourceTree = "<group>"; };
		A96B6231290950AD00BB8AC5 /* JananPagesUITestsLaunchTests.swift */ = {isa = PBXFileReference; lastKnownFileType = sourcecode.swift; path = JananPagesUITestsLaunchTests.swift; sourceTree = "<group>"; };
		A96B627429095BE300BB8AC5 /* SignUpViewController.swift */ = {isa = PBXFileReference; lastKnownFileType = sourcecode.swift; path = SignUpViewController.swift; sourceTree = "<group>"; };
		A96B627629095C2C00BB8AC5 /* SignInViewController.swift */ = {isa = PBXFileReference; lastKnownFileType = sourcecode.swift; path = SignInViewController.swift; sourceTree = "<group>"; };
		A96B62AF290EA6CF00BB8AC5 /* SignupView.swift */ = {isa = PBXFileReference; lastKnownFileType = sourcecode.swift; path = SignupView.swift; sourceTree = "<group>"; };
		A96B62B1290FE9C100BB8AC5 /* ForgorPasswordView.swift */ = {isa = PBXFileReference; lastKnownFileType = sourcecode.swift; path = ForgorPasswordView.swift; sourceTree = "<group>"; };
		A96B62B3290FFDE200BB8AC5 /* SplashScreenUIView.swift */ = {isa = PBXFileReference; lastKnownFileType = sourcecode.swift; path = SplashScreenUIView.swift; sourceTree = "<group>"; };
		A96B62FB29179D6200BB8AC5 /* HomePage.swift */ = {isa = PBXFileReference; fileEncoding = 4; lastKnownFileType = sourcecode.swift; name = HomePage.swift; path = ../../homepage/homepage/HomePage.swift; sourceTree = "<group>"; };
		A96B62FD29179D6A00BB8AC5 /* ProfileView.swift */ = {isa = PBXFileReference; fileEncoding = 4; lastKnownFileType = sourcecode.swift; name = ProfileView.swift; path = ../../homepage/homepage/ProfileView.swift; sourceTree = "<group>"; };
		A96B62FF29179D6E00BB8AC5 /* SettingView.swift */ = {isa = PBXFileReference; fileEncoding = 4; lastKnownFileType = sourcecode.swift; name = SettingView.swift; path = ../../homepage/homepage/SettingView.swift; sourceTree = "<group>"; };
		A96B630129179E8E00BB8AC5 /* ChatRow.swift */ = {isa = PBXFileReference; fileEncoding = 4; lastKnownFileType = sourcecode.swift; name = ChatRow.swift; path = ../../homepage/Chats/ChatRow.swift; sourceTree = "<group>"; };
		A96B630529179E9600BB8AC5 /* ChatsMode.swift */ = {isa = PBXFileReference; fileEncoding = 4; lastKnownFileType = sourcecode.swift; name = ChatsMode.swift; path = ../../homepage/Chats/ChatsMode.swift; sourceTree = "<group>"; };
		A96B630729179EA600BB8AC5 /* ChatView.swift */ = {isa = PBXFileReference; fileEncoding = 4; lastKnownFileType = sourcecode.swift; name = ChatView.swift; path = ../../homepage/Chats/ChatView.swift; sourceTree = "<group>"; };
		A96B630929179EAC00BB8AC5 /* ChatViewMode.swift */ = {isa = PBXFileReference; fileEncoding = 4; lastKnownFileType = sourcecode.swift; name = ChatViewMode.swift; path = ../../homepage/Chats/ChatViewMode.swift; sourceTree = "<group>"; };
		A96B630B29179EB100BB8AC5 /* Date+Helpers.swift */ = {isa = PBXFileReference; fileEncoding = 4; lastKnownFileType = sourcecode.swift; name = "Date+Helpers.swift"; path = "../../homepage/Chats/Date+Helpers.swift"; sourceTree = "<group>"; };
		A96B632F2917DF7900BB8AC5 /* Book.swift */ = {isa = PBXFileReference; lastKnownFileType = sourcecode.swift; path = Book.swift; sourceTree = "<group>"; };
		A9F415B5292F8D8000BA0163 /* Blog.swift */ = {isa = PBXFileReference; lastKnownFileType = sourcecode.swift; path = Blog.swift; sourceTree = "<group>"; };
		A9F415B7292F8DBF00BA0163 /* BlogPostCardMain.swift */ = {isa = PBXFileReference; lastKnownFileType = sourcecode.swift; path = BlogPostCardMain.swift; sourceTree = "<group>"; };
		A9F415B9292F8DD600BA0163 /* BlogPosts.swift */ = {isa = PBXFileReference; lastKnownFileType = sourcecode.swift; path = BlogPosts.swift; sourceTree = "<group>"; };
		A9F415BB292F8E1500BA0163 /* hexcolorextensions.swift */ = {isa = PBXFileReference; lastKnownFileType = sourcecode.swift; path = hexcolorextensions.swift; sourceTree = "<group>"; };
		A9F415BD292F8E3D00BA0163 /* MainView.swift */ = {isa = PBXFileReference; lastKnownFileType = sourcecode.swift; path = MainView.swift; sourceTree = "<group>"; };
		A9F415BF292F8E8A00BA0163 /* BlogPostView.swift */ = {isa = PBXFileReference; lastKnownFileType = sourcecode.swift; path = BlogPostView.swift; sourceTree = "<group>"; };
/* End PBXFileReference section */

/* Begin PBXFrameworksBuildPhase section */
		A96B620E290950AC00BB8AC5 /* Frameworks */ = {
			isa = PBXFrameworksBuildPhase;
			buildActionMask = 2147483647;
			files = (
			);
			runOnlyForDeploymentPostprocessing = 0;
		};
		A96B621E290950AD00BB8AC5 /* Frameworks */ = {
			isa = PBXFrameworksBuildPhase;
			buildActionMask = 2147483647;
			files = (
			);
			runOnlyForDeploymentPostprocessing = 0;
		};
		A96B6228290950AD00BB8AC5 /* Frameworks */ = {
			isa = PBXFrameworksBuildPhase;
			buildActionMask = 2147483647;
			files = (
			);
			runOnlyForDeploymentPostprocessing = 0;
		};
/* End PBXFrameworksBuildPhase section */

/* Begin PBXGroup section */
		A96B6208290950AC00BB8AC5 = {
			isa = PBXGroup;
			children = (
				A96B6213290950AC00BB8AC5 /* JananPages */,
				A96B6224290950AD00BB8AC5 /* JananPagesTests */,
				A96B622E290950AD00BB8AC5 /* JananPagesUITests */,
				A96B6212290950AC00BB8AC5 /* Products */,
			);
			sourceTree = "<group>";
		};
		A96B6212290950AC00BB8AC5 /* Products */ = {
			isa = PBXGroup;
			children = (
				A96B6211290950AC00BB8AC5 /* JananPages.app */,
				A96B6221290950AD00BB8AC5 /* JananPagesTests.xctest */,
				A96B622B290950AD00BB8AC5 /* JananPagesUITests.xctest */,
			);
			name = Products;
			sourceTree = "<group>";
		};
		A96B6213290950AC00BB8AC5 /* JananPages */ = {
			isa = PBXGroup;
			children = (
				A96B627829095C5100BB8AC5 /* Controller */,
				A96B6214290950AC00BB8AC5 /* JananPagesApp.swift */,
				A96B6216290950AC00BB8AC5 /* SigninView.swift */,
				A96B62AF290EA6CF00BB8AC5 /* SignupView.swift */,
				A96B62B3290FFDE200BB8AC5 /* SplashScreenUIView.swift */,
				A96B62B1290FE9C100BB8AC5 /* ForgorPasswordView.swift */,
				A96B62FB29179D6200BB8AC5 /* HomePage.swift */,
				A96B62FD29179D6A00BB8AC5 /* ProfileView.swift */,
				A96B62FF29179D6E00BB8AC5 /* SettingView.swift */,
				A96B630129179E8E00BB8AC5 /* ChatRow.swift */,
				A96B630529179E9600BB8AC5 /* ChatsMode.swift */,
				A96B630729179EA600BB8AC5 /* ChatView.swift */,
				A96B630929179EAC00BB8AC5 /* ChatViewMode.swift */,
				A96B630B29179EB100BB8AC5 /* Date+Helpers.swift */,
				A9F415B5292F8D8000BA0163 /* Blog.swift */,
				A96B6218290950AD00BB8AC5 /* Assets.xcassets */,
				A96B621A290950AD00BB8AC5 /* Preview Content */,
				A96B632F2917DF7900BB8AC5 /* Book.swift */,
				A9F415B7292F8DBF00BA0163 /* BlogPostCardMain.swift */,
				A9F415B9292F8DD600BA0163 /* BlogPosts.swift */,
				A9F415BB292F8E1500BA0163 /* hexcolorextensions.swift */,
				A9F415BD292F8E3D00BA0163 /* MainView.swift */,
				A9F415BF292F8E8A00BA0163 /* BlogPostView.swift */,
			);
			path = JananPages;
			sourceTree = "<group>";
		};
		A96B621A290950AD00BB8AC5 /* Preview Content */ = {
			isa = PBXGroup;
			children = (
				A96B621B290950AD00BB8AC5 /* Preview Assets.xcassets */,
			);
			path = "Preview Content";
			sourceTree = "<group>";
		};
		A96B6224290950AD00BB8AC5 /* JananPagesTests */ = {
			isa = PBXGroup;
			children = (
				A96B6225290950AD00BB8AC5 /* JananPagesTests.swift */,
			);
			path = JananPagesTests;
			sourceTree = "<group>";
		};
		A96B622E290950AD00BB8AC5 /* JananPagesUITests */ = {
			isa = PBXGroup;
			children = (
				A96B622F290950AD00BB8AC5 /* JananPagesUITests.swift */,
				A96B6231290950AD00BB8AC5 /* JananPagesUITestsLaunchTests.swift */,
			);
			path = JananPagesUITests;
			sourceTree = "<group>";
		};
		A96B627829095C5100BB8AC5 /* Controller */ = {
			isa = PBXGroup;
			children = (
				A96B627429095BE300BB8AC5 /* SignUpViewController.swift */,
				A96B627629095C2C00BB8AC5 /* SignInViewController.swift */,
			);
			path = Controller;
			sourceTree = "<group>";
		};
/* End PBXGroup section */

/* Begin PBXNativeTarget section */
		A96B6210290950AC00BB8AC5 /* JananPages */ = {
			isa = PBXNativeTarget;
			buildConfigurationList = A96B6235290950AD00BB8AC5 /* Build configuration list for PBXNativeTarget "JananPages" */;
			buildPhases = (
				A96B620D290950AC00BB8AC5 /* Sources */,
				A96B620E290950AC00BB8AC5 /* Frameworks */,
				A96B620F290950AC00BB8AC5 /* Resources */,
			);
			buildRules = (
			);
			dependencies = (
			);
			name = JananPages;
			productName = JananPages;
			productReference = A96B6211290950AC00BB8AC5 /* JananPages.app */;
			productType = "com.apple.product-type.application";
		};
		A96B6220290950AD00BB8AC5 /* JananPagesTests */ = {
			isa = PBXNativeTarget;
			buildConfigurationList = A96B6238290950AD00BB8AC5 /* Build configuration list for PBXNativeTarget "JananPagesTests" */;
			buildPhases = (
				A96B621D290950AD00BB8AC5 /* Sources */,
				A96B621E290950AD00BB8AC5 /* Frameworks */,
				A96B621F290950AD00BB8AC5 /* Resources */,
			);
			buildRules = (
			);
			dependencies = (
				A96B6223290950AD00BB8AC5 /* PBXTargetDependency */,
			);
			name = JananPagesTests;
			productName = JananPagesTests;
			productReference = A96B6221290950AD00BB8AC5 /* JananPagesTests.xctest */;
			productType = "com.apple.product-type.bundle.unit-test";
		};
		A96B622A290950AD00BB8AC5 /* JananPagesUITests */ = {
			isa = PBXNativeTarget;
			buildConfigurationList = A96B623B290950AD00BB8AC5 /* Build configuration list for PBXNativeTarget "JananPagesUITests" */;
			buildPhases = (
				A96B6227290950AD00BB8AC5 /* Sources */,
				A96B6228290950AD00BB8AC5 /* Frameworks */,
				A96B6229290950AD00BB8AC5 /* Resources */,
			);
			buildRules = (
			);
			dependencies = (
				A96B622D290950AD00BB8AC5 /* PBXTargetDependency */,
			);
			name = JananPagesUITests;
			productName = JananPagesUITests;
			productReference = A96B622B290950AD00BB8AC5 /* JananPagesUITests.xctest */;
			productType = "com.apple.product-type.bundle.ui-testing";
		};
/* End PBXNativeTarget section */

/* Begin PBXProject section */
		A96B6209290950AC00BB8AC5 /* Project object */ = {
			isa = PBXProject;
			attributes = {
				BuildIndependentTargetsInParallel = 1;
				LastSwiftUpdateCheck = 1400;
				LastUpgradeCheck = 1400;
				TargetAttributes = {
					A96B6210290950AC00BB8AC5 = {
						CreatedOnToolsVersion = 14.0.1;
					};
					A96B6220290950AD00BB8AC5 = {
						CreatedOnToolsVersion = 14.0.1;
						TestTargetID = A96B6210290950AC00BB8AC5;
					};
					A96B622A290950AD00BB8AC5 = {
						CreatedOnToolsVersion = 14.0.1;
						TestTargetID = A96B6210290950AC00BB8AC5;
					};
				};
			};
			buildConfigurationList = A96B620C290950AC00BB8AC5 /* Build configuration list for PBXProject "JananPages" */;
			compatibilityVersion = "Xcode 14.0";
			developmentRegion = en;
			hasScannedForEncodings = 0;
			knownRegions = (
				en,
				Base,
			);
			mainGroup = A96B6208290950AC00BB8AC5;
			productRefGroup = A96B6212290950AC00BB8AC5 /* Products */;
			projectDirPath = "";
			projectRoot = "";
			targets = (
				A96B6210290950AC00BB8AC5 /* JananPages */,
				A96B6220290950AD00BB8AC5 /* JananPagesTests */,
				A96B622A290950AD00BB8AC5 /* JananPagesUITests */,
			);
		};
/* End PBXProject section */

/* Begin PBXResourcesBuildPhase section */
		A96B620F290950AC00BB8AC5 /* Resources */ = {
			isa = PBXResourcesBuildPhase;
			buildActionMask = 2147483647;
			files = (
				A96B621C290950AD00BB8AC5 /* Preview Assets.xcassets in Resources */,
				A96B6219290950AD00BB8AC5 /* Assets.xcassets in Resources */,
			);
			runOnlyForDeploymentPostprocessing = 0;
		};
		A96B621F290950AD00BB8AC5 /* Resources */ = {
			isa = PBXResourcesBuildPhase;
			buildActionMask = 2147483647;
			files = (
			);
			runOnlyForDeploymentPostprocessing = 0;
		};
		A96B6229290950AD00BB8AC5 /* Resources */ = {
			isa = PBXResourcesBuildPhase;
			buildActionMask = 2147483647;
			files = (
			);
			runOnlyForDeploymentPostprocessing = 0;
		};
/* End PBXResourcesBuildPhase section */

/* Begin PBXSourcesBuildPhase section */
		A96B620D290950AC00BB8AC5 /* Sources */ = {
			isa = PBXSourcesBuildPhase;
			buildActionMask = 2147483647;
			files = (
				A96B630629179E9600BB8AC5 /* ChatsMode.swift in Sources */,
				A9F415BE292F8E3D00BA0163 /* MainView.swift in Sources */,
				A96B630A29179EAC00BB8AC5 /* ChatViewMode.swift in Sources */,
				A96B630229179E8E00BB8AC5 /* ChatRow.swift in Sources */,
				A96B62B2290FE9C100BB8AC5 /* ForgorPasswordView.swift in Sources */,
				A96B630C29179EB100BB8AC5 /* Date+Helpers.swift in Sources */,
				A96B630029179D6E00BB8AC5 /* SettingView.swift in Sources */,
				A96B62FE29179D6A00BB8AC5 /* ProfileView.swift in Sources */,
				A96B62B4290FFDE200BB8AC5 /* SplashScreenUIView.swift in Sources */,
				A9F415BA292F8DD600BA0163 /* BlogPosts.swift in Sources */,
				A9F415C0292F8E8A00BA0163 /* BlogPostView.swift in Sources */,
				A9F415B6292F8D8000BA0163 /* Blog.swift in Sources */,
				A96B630829179EA600BB8AC5 /* ChatView.swift in Sources */,
				A9F415BC292F8E1500BA0163 /* hexcolorextensions.swift in Sources */,
				A96B62FC29179D6200BB8AC5 /* HomePage.swift in Sources */,
				A96B63302917DF7900BB8AC5 /* Book.swift in Sources */,
				A9F415B8292F8DBF00BA0163 /* BlogPostCardMain.swift in Sources */,
				A96B627729095C2C00BB8AC5 /* SignInViewController.swift in Sources */,
				A96B627529095BE300BB8AC5 /* SignUpViewController.swift in Sources */,
				A96B6217290950AC00BB8AC5 /* SigninView.swift in Sources */,
				A96B6215290950AC00BB8AC5 /* JananPagesApp.swift in Sources */,
				A96B62B0290EA6CF00BB8AC5 /* SignupView.swift in Sources */,
			);
			runOnlyForDeploymentPostprocessing = 0;
		};
		A96B621D290950AD00BB8AC5 /* Sources */ = {
			isa = PBXSourcesBuildPhase;
			buildActionMask = 2147483647;
			files = (
				A96B6226290950AD00BB8AC5 /* JananPagesTests.swift in Sources */,
			);
			runOnlyForDeploymentPostprocessing = 0;
		};
		A96B6227290950AD00BB8AC5 /* Sources */ = {
			isa = PBXSourcesBuildPhase;
			buildActionMask = 2147483647;
			files = (
				A96B6232290950AD00BB8AC5 /* JananPagesUITestsLaunchTests.swift in Sources */,
				A96B6230290950AD00BB8AC5 /* JananPagesUITests.swift in Sources */,
			);
			runOnlyForDeploymentPostprocessing = 0;
		};
/* End PBXSourcesBuildPhase section */

/* Begin PBXTargetDependency section */
		A96B6223290950AD00BB8AC5 /* PBXTargetDependency */ = {
			isa = PBXTargetDependency;
			target = A96B6210290950AC00BB8AC5 /* JananPages */;
			targetProxy = A96B6222290950AD00BB8AC5 /* PBXContainerItemProxy */;
		};
		A96B622D290950AD00BB8AC5 /* PBXTargetDependency */ = {
			isa = PBXTargetDependency;
			target = A96B6210290950AC00BB8AC5 /* JananPages */;
			targetProxy = A96B622C290950AD00BB8AC5 /* PBXContainerItemProxy */;
		};
/* End PBXTargetDependency section */

/* Begin XCBuildConfiguration section */
		A96B6233290950AD00BB8AC5 /* Debug */ = {
			isa = XCBuildConfiguration;
			buildSettings = {
				ALWAYS_SEARCH_USER_PATHS = NO;
				CLANG_ANALYZER_NONNULL = YES;
				CLANG_ANALYZER_NUMBER_OBJECT_CONVERSION = YES_AGGRESSIVE;
				CLANG_CXX_LANGUAGE_STANDARD = "gnu++20";
				CLANG_ENABLE_MODULES = YES;
				CLANG_ENABLE_OBJC_ARC = YES;
				CLANG_ENABLE_OBJC_WEAK = YES;
				CLANG_WARN_BLOCK_CAPTURE_AUTORELEASING = YES;
				CLANG_WARN_BOOL_CONVERSION = YES;
				CLANG_WARN_COMMA = YES;
				CLANG_WARN_CONSTANT_CONVERSION = YES;
				CLANG_WARN_DEPRECATED_OBJC_IMPLEMENTATIONS = YES;
				CLANG_WARN_DIRECT_OBJC_ISA_USAGE = YES_ERROR;
				CLANG_WARN_DOCUMENTATION_COMMENTS = YES;
				CLANG_WARN_EMPTY_BODY = YES;
				CLANG_WARN_ENUM_CONVERSION = YES;
				CLANG_WARN_INFINITE_RECURSION = YES;
				CLANG_WARN_INT_CONVERSION = YES;
				CLANG_WARN_NON_LITERAL_NULL_CONVERSION = YES;
				CLANG_WARN_OBJC_IMPLICIT_RETAIN_SELF = YES;
				CLANG_WARN_OBJC_LITERAL_CONVERSION = YES;
				CLANG_WARN_OBJC_ROOT_CLASS = YES_ERROR;
				CLANG_WARN_QUOTED_INCLUDE_IN_FRAMEWORK_HEADER = YES;
				CLANG_WARN_RANGE_LOOP_ANALYSIS = YES;
				CLANG_WARN_STRICT_PROTOTYPES = YES;
				CLANG_WARN_SUSPICIOUS_MOVE = YES;
				CLANG_WARN_UNGUARDED_AVAILABILITY = YES_AGGRESSIVE;
				CLANG_WARN_UNREACHABLE_CODE = YES;
				CLANG_WARN__DUPLICATE_METHOD_MATCH = YES;
				COPY_PHASE_STRIP = NO;
				DEBUG_INFORMATION_FORMAT = dwarf;
				ENABLE_STRICT_OBJC_MSGSEND = YES;
				ENABLE_TESTABILITY = YES;
				GCC_C_LANGUAGE_STANDARD = gnu11;
				GCC_DYNAMIC_NO_PIC = NO;
				GCC_NO_COMMON_BLOCKS = YES;
				GCC_OPTIMIZATION_LEVEL = 0;
				GCC_PREPROCESSOR_DEFINITIONS = (
					"DEBUG=1",
					"$(inherited)",
				);
				GCC_WARN_64_TO_32_BIT_CONVERSION = YES;
				GCC_WARN_ABOUT_RETURN_TYPE = YES_ERROR;
				GCC_WARN_UNDECLARED_SELECTOR = YES;
				GCC_WARN_UNINITIALIZED_AUTOS = YES_AGGRESSIVE;
				GCC_WARN_UNUSED_FUNCTION = YES;
				GCC_WARN_UNUSED_VARIABLE = YES;
				IPHONEOS_DEPLOYMENT_TARGET = 16.0;
				MTL_ENABLE_DEBUG_INFO = INCLUDE_SOURCE;
				MTL_FAST_MATH = YES;
				ONLY_ACTIVE_ARCH = YES;
				SDKROOT = iphoneos;
				SWIFT_ACTIVE_COMPILATION_CONDITIONS = DEBUG;
				SWIFT_OPTIMIZATION_LEVEL = "-Onone";
			};
			name = Debug;
		};
		A96B6234290950AD00BB8AC5 /* Release */ = {
			isa = XCBuildConfiguration;
			buildSettings = {
				ALWAYS_SEARCH_USER_PATHS = NO;
				CLANG_ANALYZER_NONNULL = YES;
				CLANG_ANALYZER_NUMBER_OBJECT_CONVERSION = YES_AGGRESSIVE;
				CLANG_CXX_LANGUAGE_STANDARD = "gnu++20";
				CLANG_ENABLE_MODULES = YES;
				CLANG_ENABLE_OBJC_ARC = YES;
				CLANG_ENABLE_OBJC_WEAK = YES;
				CLANG_WARN_BLOCK_CAPTURE_AUTORELEASING = YES;
				CLANG_WARN_BOOL_CONVERSION = YES;
				CLANG_WARN_COMMA = YES;
				CLANG_WARN_CONSTANT_CONVERSION = YES;
				CLANG_WARN_DEPRECATED_OBJC_IMPLEMENTATIONS = YES;
				CLANG_WARN_DIRECT_OBJC_ISA_USAGE = YES_ERROR;
				CLANG_WARN_DOCUMENTATION_COMMENTS = YES;
				CLANG_WARN_EMPTY_BODY = YES;
				CLANG_WARN_ENUM_CONVERSION = YES;
				CLANG_WARN_INFINITE_RECURSION = YES;
				CLANG_WARN_INT_CONVERSION = YES;
				CLANG_WARN_NON_LITERAL_NULL_CONVERSION = YES;
				CLANG_WARN_OBJC_IMPLICIT_RETAIN_SELF = YES;
				CLANG_WARN_OBJC_LITERAL_CONVERSION = YES;
				CLANG_WARN_OBJC_ROOT_CLASS = YES_ERROR;
				CLANG_WARN_QUOTED_INCLUDE_IN_FRAMEWORK_HEADER = YES;
				CLANG_WARN_RANGE_LOOP_ANALYSIS = YES;
				CLANG_WARN_STRICT_PROTOTYPES = YES;
				CLANG_WARN_SUSPICIOUS_MOVE = YES;
				CLANG_WARN_UNGUARDED_AVAILABILITY = YES_AGGRESSIVE;
				CLANG_WARN_UNREACHABLE_CODE = YES;
				CLANG_WARN__DUPLICATE_METHOD_MATCH = YES;
				COPY_PHASE_STRIP = NO;
				DEBUG_INFORMATION_FORMAT = "dwarf-with-dsym";
				ENABLE_NS_ASSERTIONS = NO;
				ENABLE_STRICT_OBJC_MSGSEND = YES;
				GCC_C_LANGUAGE_STANDARD = gnu11;
				GCC_NO_COMMON_BLOCKS = YES;
				GCC_WARN_64_TO_32_BIT_CONVERSION = YES;
				GCC_WARN_ABOUT_RETURN_TYPE = YES_ERROR;
				GCC_WARN_UNDECLARED_SELECTOR = YES;
				GCC_WARN_UNINITIALIZED_AUTOS = YES_AGGRESSIVE;
				GCC_WARN_UNUSED_FUNCTION = YES;
				GCC_WARN_UNUSED_VARIABLE = YES;
				IPHONEOS_DEPLOYMENT_TARGET = 16.0;
				MTL_ENABLE_DEBUG_INFO = NO;
				MTL_FAST_MATH = YES;
				SDKROOT = iphoneos;
				SWIFT_COMPILATION_MODE = wholemodule;
				SWIFT_OPTIMIZATION_LEVEL = "-O";
				VALIDATE_PRODUCT = YES;
			};
			name = Release;
		};
		A96B6236290950AD00BB8AC5 /* Debug */ = {
			isa = XCBuildConfiguration;
			buildSettings = {
				ASSETCATALOG_COMPILER_APPICON_NAME = AppIcon;
				ASSETCATALOG_COMPILER_GLOBAL_ACCENT_COLOR_NAME = AccentColor;
				CODE_SIGN_STYLE = Automatic;
				CURRENT_PROJECT_VERSION = 1;
				DEVELOPMENT_ASSET_PATHS = "\"JananPages/Preview Content\"";
				ENABLE_PREVIEWS = YES;
				GENERATE_INFOPLIST_FILE = YES;
				INFOPLIST_KEY_UIApplicationSceneManifest_Generation = YES;
				INFOPLIST_KEY_UIApplicationSupportsIndirectInputEvents = YES;
				INFOPLIST_KEY_UILaunchScreen_Generation = YES;
				INFOPLIST_KEY_UISupportedInterfaceOrientations_iPad = "UIInterfaceOrientationPortrait UIInterfaceOrientationPortraitUpsideDown UIInterfaceOrientationLandscapeLeft UIInterfaceOrientationLandscapeRight";
				INFOPLIST_KEY_UISupportedInterfaceOrientations_iPhone = "UIInterfaceOrientationPortrait UIInterfaceOrientationLandscapeLeft UIInterfaceOrientationLandscapeRight";
				LD_RUNPATH_SEARCH_PATHS = (
					"$(inherited)",
					"@executable_path/Frameworks",
				);
				MARKETING_VERSION = 1.0;
				PRODUCT_BUNDLE_IDENTIFIER = Team4.JananPages;
				PRODUCT_NAME = "$(TARGET_NAME)";
				SWIFT_EMIT_LOC_STRINGS = YES;
				SWIFT_VERSION = 5.0;
				TARGETED_DEVICE_FAMILY = "1,2";
			};
			name = Debug;
		};
		A96B6237290950AD00BB8AC5 /* Release */ = {
			isa = XCBuildConfiguration;
			buildSettings = {
				ASSETCATALOG_COMPILER_APPICON_NAME = AppIcon;
				ASSETCATALOG_COMPILER_GLOBAL_ACCENT_COLOR_NAME = AccentColor;
				CODE_SIGN_STYLE = Automatic;
				CURRENT_PROJECT_VERSION = 1;
				DEVELOPMENT_ASSET_PATHS = "\"JananPages/Preview Content\"";
				ENABLE_PREVIEWS = YES;
				GENERATE_INFOPLIST_FILE = YES;
				INFOPLIST_KEY_UIApplicationSceneManifest_Generation = YES;
				INFOPLIST_KEY_UIApplicationSupportsIndirectInputEvents = YES;
				INFOPLIST_KEY_UILaunchScreen_Generation = YES;
				INFOPLIST_KEY_UISupportedInterfaceOrientations_iPad = "UIInterfaceOrientationPortrait UIInterfaceOrientationPortraitUpsideDown UIInterfaceOrientationLandscapeLeft UIInterfaceOrientationLandscapeRight";
				INFOPLIST_KEY_UISupportedInterfaceOrientations_iPhone = "UIInterfaceOrientationPortrait UIInterfaceOrientationLandscapeLeft UIInterfaceOrientationLandscapeRight";
				LD_RUNPATH_SEARCH_PATHS = (
					"$(inherited)",
					"@executable_path/Frameworks",
				);
				MARKETING_VERSION = 1.0;
				PRODUCT_BUNDLE_IDENTIFIER = Team4.JananPages;
				PRODUCT_NAME = "$(TARGET_NAME)";
				SWIFT_EMIT_LOC_STRINGS = YES;
				SWIFT_VERSION = 5.0;
				TARGETED_DEVICE_FAMILY = "1,2";
			};
			name = Release;
		};
		A96B6239290950AD00BB8AC5 /* Debug */ = {
			isa = XCBuildConfiguration;
			buildSettings = {
				ALWAYS_EMBED_SWIFT_STANDARD_LIBRARIES = YES;
				BUNDLE_LOADER = "$(TEST_HOST)";
				CODE_SIGN_STYLE = Automatic;
				CURRENT_PROJECT_VERSION = 1;
				GENERATE_INFOPLIST_FILE = YES;
				IPHONEOS_DEPLOYMENT_TARGET = 16.0;
				MARKETING_VERSION = 1.0;
				PRODUCT_BUNDLE_IDENTIFIER = Team4.JananPagesTests;
				PRODUCT_NAME = "$(TARGET_NAME)";
				SWIFT_EMIT_LOC_STRINGS = NO;
				SWIFT_VERSION = 5.0;
				TARGETED_DEVICE_FAMILY = "1,2";
				TEST_HOST = "$(BUILT_PRODUCTS_DIR)/JananPages.app/$(BUNDLE_EXECUTABLE_FOLDER_PATH)/JananPages";
			};
			name = Debug;
		};
		A96B623A290950AD00BB8AC5 /* Release */ = {
			isa = XCBuildConfiguration;
			buildSettings = {
				ALWAYS_EMBED_SWIFT_STANDARD_LIBRARIES = YES;
				BUNDLE_LOADER = "$(TEST_HOST)";
				CODE_SIGN_STYLE = Automatic;
				CURRENT_PROJECT_VERSION = 1;
				GENERATE_INFOPLIST_FILE = YES;
				IPHONEOS_DEPLOYMENT_TARGET = 16.0;
				MARKETING_VERSION = 1.0;
				PRODUCT_BUNDLE_IDENTIFIER = Team4.JananPagesTests;
				PRODUCT_NAME = "$(TARGET_NAME)";
				SWIFT_EMIT_LOC_STRINGS = NO;
				SWIFT_VERSION = 5.0;
				TARGETED_DEVICE_FAMILY = "1,2";
				TEST_HOST = "$(BUILT_PRODUCTS_DIR)/JananPages.app/$(BUNDLE_EXECUTABLE_FOLDER_PATH)/JananPages";
			};
			name = Release;
		};
		A96B623C290950AD00BB8AC5 /* Debug */ = {
			isa = XCBuildConfiguration;
			buildSettings = {
				ALWAYS_EMBED_SWIFT_STANDARD_LIBRARIES = YES;
				CODE_SIGN_STYLE = Automatic;
				CURRENT_PROJECT_VERSION = 1;
				GENERATE_INFOPLIST_FILE = YES;
				MARKETING_VERSION = 1.0;
				PRODUCT_BUNDLE_IDENTIFIER = Team4.JananPagesUITests;
				PRODUCT_NAME = "$(TARGET_NAME)";
				SWIFT_EMIT_LOC_STRINGS = NO;
				SWIFT_VERSION = 5.0;
				TARGETED_DEVICE_FAMILY = "1,2";
				TEST_TARGET_NAME = JananPages;
			};
			name = Debug;
		};
		A96B623D290950AD00BB8AC5 /* Release */ = {
			isa = XCBuildConfiguration;
			buildSettings = {
				ALWAYS_EMBED_SWIFT_STANDARD_LIBRARIES = YES;
				CODE_SIGN_STYLE = Automatic;
				CURRENT_PROJECT_VERSION = 1;
				GENERATE_INFOPLIST_FILE = YES;
				MARKETING_VERSION = 1.0;
				PRODUCT_BUNDLE_IDENTIFIER = Team4.JananPagesUITests;
				PRODUCT_NAME = "$(TARGET_NAME)";
				SWIFT_EMIT_LOC_STRINGS = NO;
				SWIFT_VERSION = 5.0;
				TARGETED_DEVICE_FAMILY = "1,2";
				TEST_TARGET_NAME = JananPages;
			};
			name = Release;
		};
/* End XCBuildConfiguration section */

/* Begin XCConfigurationList section */
		A96B620C290950AC00BB8AC5 /* Build configuration list for PBXProject "JananPages" */ = {
			isa = XCConfigurationList;
			buildConfigurations = (
				A96B6233290950AD00BB8AC5 /* Debug */,
				A96B6234290950AD00BB8AC5 /* Release */,
			);
			defaultConfigurationIsVisible = 0;
			defaultConfigurationName = Release;
		};
		A96B6235290950AD00BB8AC5 /* Build configuration list for PBXNativeTarget "JananPages" */ = {
			isa = XCConfigurationList;
			buildConfigurations = (
				A96B6236290950AD00BB8AC5 /* Debug */,
				A96B6237290950AD00BB8AC5 /* Release */,
			);
			defaultConfigurationIsVisible = 0;
			defaultConfigurationName = Release;
		};
		A96B6238290950AD00BB8AC5 /* Build configuration list for PBXNativeTarget "JananPagesTests" */ = {
			isa = XCConfigurationList;
			buildConfigurations = (
				A96B6239290950AD00BB8AC5 /* Debug */,
				A96B623A290950AD00BB8AC5 /* Release */,
			);
			defaultConfigurationIsVisible = 0;
			defaultConfigurationName = Release;
		};
		A96B623B290950AD00BB8AC5 /* Build configuration list for PBXNativeTarget "JananPagesUITests" */ = {
			isa = XCConfigurationList;
			buildConfigurations = (
				A96B623C290950AD00BB8AC5 /* Debug */,
				A96B623D290950AD00BB8AC5 /* Release */,
			);
			defaultConfigurationIsVisible = 0;
			defaultConfigurationName = Release;
		};
/* End XCConfigurationList section */
	};
	rootObject = A96B6209290950AC00BB8AC5 /* Project object */;
}
